
Microsoft Visual Studio Solution File, Format Version 12.00
# Visual Studio Version 17
VisualStudioVersion = 17.13.35825.156 d17.13
MinimumVisualStudioVersion = 10.0.40219.1
Project("{FAE04EC0-301F-11D3-BF4B-00C04F79EFBC}") = "TicTacToe.Api", "TicTacToe.Api\TicTacToe.Api.csproj", "{A94F3F92-CFAE-43F9-BF0F-793911261A3A}"
EndProject
Project("{FAE04EC0-301F-11D3-BF4B-00C04F79EFBC}") = "TicTacToe.Tests", "TicTacToe.Tests\TicTacToe.Tests.csproj", "{0CBE3318-A280-43A6-8411-393C7AA3C665}"
EndProject
Global
	GlobalSection(SolutionConfigurationPlatforms) = preSolution
		Debug|Any CPU = Debug|Any CPU
		Release|Any CPU = Release|Any CPU
	EndGlobalSection
	GlobalSection(ProjectConfigurationPlatforms) = postSolution
		{A94F3F92-CFAE-43F9-BF0F-793911261A3A}.Debug|Any CPU.ActiveCfg = Debug|Any CPU
		{A94F3F92-CFAE-43F9-BF0F-793911261A3A}.Debug|Any CPU.Build.0 = Debug|Any CPU
		{A94F3F92-CFAE-43F9-BF0F-793911261A3A}.Release|Any CPU.ActiveCfg = Release|Any CPU
		{A94F3F92-CFAE-43F9-BF0F-793911261A3A}.Release|Any CPU.Build.0 = Release|Any CPU
		{0CBE3318-A280-43A6-8411-393C7AA3C665}.Debug|Any CPU.ActiveCfg = Debug|Any CPU
		{0CBE3318-A280-43A6-8411-393C7AA3C665}.Debug|Any CPU.Build.0 = Debug|Any CPU
		{0CBE3318-A280-43A6-8411-393C7AA3C665}.Release|Any CPU.ActiveCfg = Release|Any CPU
		{0CBE3318-A280-43A6-8411-393C7AA3C665}.Release|Any CPU.Build.0 = Release|Any CPU
	EndGlobalSection
	GlobalSection(SolutionProperties) = preSolution
		HideSolutionNode = FALSE
	EndGlobalSection
	GlobalSection(ExtensibilityGlobals) = postSolution
		SolutionGuid = {C570B660-D5D6-4EA3-A3EF-A58D92827F6B}
	EndGlobalSection
EndGlobal
